
Microsoft Visual Studio Solution File, Format Version 12.00
# Visual Studio Version 17
VisualStudioVersion = 17.2.32616.157
MinimumVisualStudioVersion = 10.0.40219.1
Project("{FAE04EC0-301F-11D3-BF4B-00C04F79EFBC}") = "projetoDS_211091", "projetoDS_211091\projetoDS_211091.csproj", "{49CB56B2-1542-4F65-95CA-4F70F178E6F8}"
EndProject
Global
	GlobalSection(SolutionConfigurationPlatforms) = preSolution
		Debug|Any CPU = Debug|Any CPU
		Release|Any CPU = Release|Any CPU
	EndGlobalSection
	GlobalSection(ProjectConfigurationPlatforms) = postSolution
		{49CB56B2-1542-4F65-95CA-4F70F178E6F8}.Debug|Any CPU.ActiveCfg = Debug|Any CPU
		{49CB56B2-1542-4F65-95CA-4F70F178E6F8}.Debug|Any CPU.Build.0 = Debug|Any CPU
		{49CB56B2-1542-4F65-95CA-4F70F178E6F8}.Release|Any CPU.ActiveCfg = Release|Any CPU
		{49CB56B2-1542-4F65-95CA-4F70F178E6F8}.Release|Any CPU.Build.0 = Release|Any CPU
	EndGlobalSection
	GlobalSection(SolutionProperties) = preSolution
		HideSolutionNode = FALSE
	EndGlobalSection
	GlobalSection(ExtensibilityGlobals) = postSolution
		SolutionGuid = {24D7C4D2-09FF-4776-8FDC-99307948987E}
	EndGlobalSection
EndGlobal
